
Microsoft Visual Studio Solution File, Format Version 12.00
# Visual Studio Version 16
VisualStudioVersion = 16.0.29215.179
MinimumVisualStudioVersion = 10.0.40219.1
Project("{8BC9CEB8-8B4A-11D0-8D11-00A0C91BC942}") = "Lab2-ExploringOutput", "Lab2-ExploringOutput\Lab2-ExploringOutput.vcxproj", "{C75B64AF-88FF-4F3A-9F9C-A3F4D8F35799}"
EndProject
Global
	GlobalSection(SolutionConfigurationPlatforms) = preSolution
		Debug|x64 = Debug|x64
		Debug|x86 = Debug|x86
		Release|x64 = Release|x64
		Release|x86 = Release|x86
	EndGlobalSection
	GlobalSection(ProjectConfigurationPlatforms) = postSolution
		{C75B64AF-88FF-4F3A-9F9C-A3F4D8F35799}.Debug|x64.ActiveCfg = Debug|x64
		{C75B64AF-88FF-4F3A-9F9C-A3F4D8F35799}.Debug|x64.Build.0 = Debug|x64
		{C75B64AF-88FF-4F3A-9F9C-A3F4D8F35799}.Debug|x86.ActiveCfg = Debug|Win32
		{C75B64AF-88FF-4F3A-9F9C-A3F4D8F35799}.Debug|x86.Build.0 = Debug|Win32
		{C75B64AF-88FF-4F3A-9F9C-A3F4D8F35799}.Release|x64.ActiveCfg = Release|x64
		{C75B64AF-88FF-4F3A-9F9C-A3F4D8F35799}.Release|x64.Build.0 = Release|x64
		{C75B64AF-88FF-4F3A-9F9C-A3F4D8F35799}.Release|x86.ActiveCfg = Release|Win32
		{C75B64AF-88FF-4F3A-9F9C-A3F4D8F35799}.Release|x86.Build.0 = Release|Win32
	EndGlobalSection
	GlobalSection(SolutionProperties) = preSolution
		HideSolutionNode = FALSE
	EndGlobalSection
	GlobalSection(ExtensibilityGlobals) = postSolution
		SolutionGuid = {630A25C3-77FD-4B04-B72B-241EF1AF3D77}
	EndGlobalSection
EndGlobal
